
Microsoft Visual Studio Solution File, Format Version 12.00
# Visual Studio Version 16
VisualStudioVersion = 16.0.30114.105
MinimumVisualStudioVersion = 10.0.40219.1
Project("{FAE04EC0-301F-11D3-BF4B-00C04F79EFBC}") = "FileWatcherUI", "FileWatcherUI\FileWatcherUI.csproj", "{0029032E-80A2-4D59-AE38-B71CED5DED17}"
EndProject
Global
	GlobalSection(SolutionConfigurationPlatforms) = preSolution
		Debug|Any CPU = Debug|Any CPU
		Release|Any CPU = Release|Any CPU
	EndGlobalSection
	GlobalSection(ProjectConfigurationPlatforms) = postSolution
		{0029032E-80A2-4D59-AE38-B71CED5DED17}.Debug|Any CPU.ActiveCfg = Debug|Any CPU
		{0029032E-80A2-4D59-AE38-B71CED5DED17}.Debug|Any CPU.Build.0 = Debug|Any CPU
		{0029032E-80A2-4D59-AE38-B71CED5DED17}.Release|Any CPU.ActiveCfg = Release|Any CPU
		{0029032E-80A2-4D59-AE38-B71CED5DED17}.Release|Any CPU.Build.0 = Release|Any CPU
	EndGlobalSection
	GlobalSection(SolutionProperties) = preSolution
		HideSolutionNode = FALSE
	EndGlobalSection
	GlobalSection(ExtensibilityGlobals) = postSolution
		SolutionGuid = {A4C362C0-7854-485C-BB92-E0AC7835EC83}
	EndGlobalSection
EndGlobal
